
Microsoft Visual Studio Solution File, Format Version 12.00
# Visual Studio 15
VisualStudioVersion = 15.0.27004.2008
MinimumVisualStudioVersion = 10.0.40219.1
Project("{FAE04EC0-301F-11D3-BF4B-00C04F79EFBC}") = "programowanie sem1", "programowanie sem1\programowanie sem1.csproj", "{E9C52869-FC93-4653-B2DD-46AB4E657AB7}"
EndProject
Global
	GlobalSection(SolutionConfigurationPlatforms) = preSolution
		Debug|Any CPU = Debug|Any CPU
		Release|Any CPU = Release|Any CPU
	EndGlobalSection
	GlobalSection(ProjectConfigurationPlatforms) = postSolution
		{E9C52869-FC93-4653-B2DD-46AB4E657AB7}.Debug|Any CPU.ActiveCfg = Debug|Any CPU
		{E9C52869-FC93-4653-B2DD-46AB4E657AB7}.Debug|Any CPU.Build.0 = Debug|Any CPU
		{E9C52869-FC93-4653-B2DD-46AB4E657AB7}.Release|Any CPU.ActiveCfg = Release|Any CPU
		{E9C52869-FC93-4653-B2DD-46AB4E657AB7}.Release|Any CPU.Build.0 = Release|Any CPU
	EndGlobalSection
	GlobalSection(SolutionProperties) = preSolution
		HideSolutionNode = FALSE
	EndGlobalSection
	GlobalSection(ExtensibilityGlobals) = postSolution
		SolutionGuid = {B3E776A0-C6BA-412C-B380-EB1DBE7593BF}
	EndGlobalSection
EndGlobal
